# @generated by Move, please check-in and do not edit manually.

[move]
version = 2
manifest_digest = "A3556DED91689F4BF1E2E5957D3EB392CFE00B2FA21395C75567C614ABFACC45"
deps_digest = "F8BBB0CCB2491CA29A3DF03D6F92277A4F3574266507ACD77214D37ECA3F3082"
dependencies = [
  { name = "Sui" },
]

[[move.package]]
name = "MoveStdlib"
source = { local = "../../../git/sui/crates/sui-framework/packages/move-stdlib" }

[[move.package]]
name = "Sui"
source = { local = "../../../git/sui/crates/sui-framework/packages/sui-framework" }

dependencies = [
  { name = "MoveStdlib" },
]

[move.toolchain-version]
compiler-version = "1.24.0"
edition = "2024.beta"
flavor = "sui"

[env]

[env.devnet]
chain-id = "d29677eb"
original-published-id = "0x2f85da3158b9999fab4ce1b8c5c721978d386913d0acac6a842d700ff50f0d83"
latest-published-id = "0x2f85da3158b9999fab4ce1b8c5c721978d386913d0acac6a842d700ff50f0d83"
published-version = "1"

[env.mainnet]
chain-id = "35834a8a"
original-published-id = "0x5b501f4d59e65326a294ba0aea52b21227b0c0e69030b402fea10804682e01b4"
latest-published-id = "0xe48595c193d20c52c605333af178d70c90383e3b8e356a5f3fac8580b1fef2b3"
published-version = "2"
