# @generated by Move, please check-in and do not edit manually.

[move]
version = 2
manifest_digest = "0DAE8F57987382CCCF17722351B3C9DE5B418A98A0B899997479214BF7F74DE8"
deps_digest = "F8BBB0CCB2491CA29A3DF03D6F92277A4F3574266507ACD77214D37ECA3F3082"
dependencies = [
  { name = "Sui" },
]

[[move.package]]
name = "MoveStdlib"
source = { local = "../../../git/sui/crates/sui-framework/packages/move-stdlib" }

[[move.package]]
name = "Sui"
source = { local = "../../../git/sui/crates/sui-framework/packages/sui-framework" }

dependencies = [
  { name = "MoveStdlib" },
]

[move.toolchain-version]
compiler-version = "1.24.0"
edition = "2024.beta"
flavor = "sui"

[env]

[env.devnet]
chain-id = "d29677eb"
original-published-id = "0x20f5a64c530f1d464993169b610e00172719a96aeeafc06d497a72e37ed75a0e"
latest-published-id = "0x20f5a64c530f1d464993169b610e00172719a96aeeafc06d497a72e37ed75a0e"
published-version = "1"

[env.mainnet]
chain-id = "35834a8a"
original-published-id = "0xbf1191f9741508d4981d66b04883dbff9f8f4e5aeb67e2d8907ee991fb3f20ee"
latest-published-id = "0xfaf635c1a9cb4362355d4d807f83a7cc460b78fa0f09aba97ee86381599764d1"
published-version = "4"
